
Microsoft Visual Studio Solution File, Format Version 12.00
# Visual Studio Version 17
VisualStudioVersion = 17.10.35122.118
MinimumVisualStudioVersion = 10.0.40219.1
Project("{9A19103F-16F7-4668-BE54-9A1E7A4F7556}") = "Heimdall", "SeleniumKapitol\Heimdall.csproj", "{FDA68B74-D376-4F54-9C92-BF15BA323EBE}"
EndProject
Project("{2150E333-8FDC-42A3-9474-1A3956D46DE8}") = "Položky řešení", "Položky řešení", "{3EB1608D-C454-4F96-91B4-5A5E7198EB66}"
	ProjectSection(SolutionItems) = preProject
		SeleniumKapitol\bin\Debug\net8.0\heimdall_icon.ico = SeleniumKapitol\bin\Debug\net8.0\heimdall_icon.ico
	EndProjectSection
EndProject
Global
	GlobalSection(SolutionConfigurationPlatforms) = preSolution
		Debug|Any CPU = Debug|Any CPU
		Release|Any CPU = Release|Any CPU
	EndGlobalSection
	GlobalSection(ProjectConfigurationPlatforms) = postSolution
		{FDA68B74-D376-4F54-9C92-BF15BA323EBE}.Debug|Any CPU.ActiveCfg = Debug|Any CPU
		{FDA68B74-D376-4F54-9C92-BF15BA323EBE}.Debug|Any CPU.Build.0 = Debug|Any CPU
		{FDA68B74-D376-4F54-9C92-BF15BA323EBE}.Release|Any CPU.ActiveCfg = Release|Any CPU
		{FDA68B74-D376-4F54-9C92-BF15BA323EBE}.Release|Any CPU.Build.0 = Release|Any CPU
	EndGlobalSection
	GlobalSection(SolutionProperties) = preSolution
		HideSolutionNode = FALSE
	EndGlobalSection
	GlobalSection(ExtensibilityGlobals) = postSolution
		SolutionGuid = {99DBDCFC-965D-4FEA-AB6D-39F40493C713}
	EndGlobalSection
EndGlobal
